
Microsoft Visual Studio Solution File, Format Version 12.00
# Visual Studio Version 17
VisualStudioVersion = 17.14.37314.3 d17.14
MinimumVisualStudioVersion = 10.0.40219.1
Project("{FAE04EC0-301F-11D3-BF4B-00C04F79EFBC}") = "baoDienTu", "baoDienTu.csproj", "{D0EDE0E5-18F4-4BA0-8F5B-1B2B2F5F8EF0}"
EndProject
Global
	GlobalSection(SolutionConfigurationPlatforms) = preSolution
		Debug|Any CPU = Debug|Any CPU
		Release|Any CPU = Release|Any CPU
	EndGlobalSection
	GlobalSection(ProjectConfigurationPlatforms) = postSolution
		{D0EDE0E5-18F4-4BA0-8F5B-1B2B2F5F8EF0}.Debug|Any CPU.ActiveCfg = Debug|Any CPU
		{D0EDE0E5-18F4-4BA0-8F5B-1B2B2F5F8EF0}.Debug|Any CPU.Build.0 = Debug|Any CPU
		{D0EDE0E5-18F4-4BA0-8F5B-1B2B2F5F8EF0}.Release|Any CPU.ActiveCfg = Release|Any CPU
		{D0EDE0E5-18F4-4BA0-8F5B-1B2B2F5F8EF0}.Release|Any CPU.Build.0 = Release|Any CPU
	EndGlobalSection
	GlobalSection(SolutionProperties) = preSolution
		HideSolutionNode = FALSE
	EndGlobalSection
	GlobalSection(ExtensibilityGlobals) = postSolution
		SolutionGuid = {DEB560D3-9B94-45FF-9B4D-588C96845E3C}
	EndGlobalSection
EndGlobal
